
Microsoft Visual Studio Solution File, Format Version 12.00
# Visual Studio Version 17
VisualStudioVersion = 17.1.32228.430
MinimumVisualStudioVersion = 10.0.40219.1
Project("{FAE04EC0-301F-11D3-BF4B-00C04F79EFBC}") = "ANCHBlazorClientApp.Server", "ANCHBlazorClientApp\Server\ANCHBlazorClientApp.Server.csproj", "{3F285349-1CEB-4BBD-AF03-73256C3C60E5}"
EndProject
Project("{FAE04EC0-301F-11D3-BF4B-00C04F79EFBC}") = "ANCHBlazorClientApp.Client", "ANCHBlazorClientApp\Client\ANCHBlazorClientApp.Client.csproj", "{C6CDD1D0-2781-43F0-A56C-F4F0DE31F8CC}"
EndProject
Project("{FAE04EC0-301F-11D3-BF4B-00C04F79EFBC}") = "ANCHBlazorClientApp.Shared", "ANCHBlazorClientApp\Shared\ANCHBlazorClientApp.Shared.csproj", "{D323C4C7-9B02-4C13-978F-5CBC3679F947}"
EndProject
Global
	GlobalSection(SolutionConfigurationPlatforms) = preSolution
		Debug|Any CPU = Debug|Any CPU
		Release|Any CPU = Release|Any CPU
	EndGlobalSection
	GlobalSection(ProjectConfigurationPlatforms) = postSolution
		{3F285349-1CEB-4BBD-AF03-73256C3C60E5}.Debug|Any CPU.ActiveCfg = Debug|Any CPU
		{3F285349-1CEB-4BBD-AF03-73256C3C60E5}.Debug|Any CPU.Build.0 = Debug|Any CPU
		{3F285349-1CEB-4BBD-AF03-73256C3C60E5}.Release|Any CPU.ActiveCfg = Release|Any CPU
		{3F285349-1CEB-4BBD-AF03-73256C3C60E5}.Release|Any CPU.Build.0 = Release|Any CPU
		{C6CDD1D0-2781-43F0-A56C-F4F0DE31F8CC}.Debug|Any CPU.ActiveCfg = Debug|Any CPU
		{C6CDD1D0-2781-43F0-A56C-F4F0DE31F8CC}.Debug|Any CPU.Build.0 = Debug|Any CPU
		{C6CDD1D0-2781-43F0-A56C-F4F0DE31F8CC}.Release|Any CPU.ActiveCfg = Release|Any CPU
		{C6CDD1D0-2781-43F0-A56C-F4F0DE31F8CC}.Release|Any CPU.Build.0 = Release|Any CPU
		{D323C4C7-9B02-4C13-978F-5CBC3679F947}.Debug|Any CPU.ActiveCfg = Debug|Any CPU
		{D323C4C7-9B02-4C13-978F-5CBC3679F947}.Debug|Any CPU.Build.0 = Debug|Any CPU
		{D323C4C7-9B02-4C13-978F-5CBC3679F947}.Release|Any CPU.ActiveCfg = Release|Any CPU
		{D323C4C7-9B02-4C13-978F-5CBC3679F947}.Release|Any CPU.Build.0 = Release|Any CPU
	EndGlobalSection
	GlobalSection(SolutionProperties) = preSolution
		HideSolutionNode = FALSE
	EndGlobalSection
	GlobalSection(ExtensibilityGlobals) = postSolution
		SolutionGuid = {4607C7FF-6C4E-473A-B378-EAA84AA81337}
	EndGlobalSection
EndGlobal
